{
  "requires": true,
  "lockfileVersion": 1,
  "dependencies": {
    "gojs": {
      "version": "2.0.12",
      "resolved": "https://registry.npmjs.org/gojs/-/gojs-2.0.12.tgz",
      "integrity": "sha512-4gR5FjWLwc0arFRiko3RJiq78H+H3exlVel2g2Q1C9+9e4JUb0vaqVCGK240gBikFEv1xYD7JXX5cGjaFqwVPw=="
    }
  }
}
